
Microsoft Visual Studio Solution File, Format Version 12.00
# Visual Studio Express 2012 for Web
Project("{FAE04EC0-301F-11D3-BF4B-00C04F79EFBC}") = "OdeToFood", "OdeToFood\OdeToFood.csproj", "{C822969E-AA0C-4A25-91F7-7A1EA9D55A56}"
EndProject
Project("{FAE04EC0-301F-11D3-BF4B-00C04F79EFBC}") = "OdeToFood.Tests", "OdeToFood.Tests\OdeToFood.Tests.csproj", "{5DB63A66-1DA5-4A72-9CA0-7C58D552221B}"
EndProject
Global
	GlobalSection(SolutionConfigurationPlatforms) = preSolution
		Debug|Any CPU = Debug|Any CPU
		Release|Any CPU = Release|Any CPU
	EndGlobalSection
	GlobalSection(ProjectConfigurationPlatforms) = postSolution
		{C822969E-AA0C-4A25-91F7-7A1EA9D55A56}.Debug|Any CPU.ActiveCfg = Debug|Any CPU
		{C822969E-AA0C-4A25-91F7-7A1EA9D55A56}.Debug|Any CPU.Build.0 = Debug|Any CPU
		{C822969E-AA0C-4A25-91F7-7A1EA9D55A56}.Release|Any CPU.ActiveCfg = Release|Any CPU
		{C822969E-AA0C-4A25-91F7-7A1EA9D55A56}.Release|Any CPU.Build.0 = Release|Any CPU
		{5DB63A66-1DA5-4A72-9CA0-7C58D552221B}.Debug|Any CPU.ActiveCfg = Debug|Any CPU
		{5DB63A66-1DA5-4A72-9CA0-7C58D552221B}.Debug|Any CPU.Build.0 = Debug|Any CPU
		{5DB63A66-1DA5-4A72-9CA0-7C58D552221B}.Release|Any CPU.ActiveCfg = Release|Any CPU
		{5DB63A66-1DA5-4A72-9CA0-7C58D552221B}.Release|Any CPU.Build.0 = Release|Any CPU
	EndGlobalSection
	GlobalSection(SolutionProperties) = preSolution
		HideSolutionNode = FALSE
	EndGlobalSection
EndGlobal
