
Microsoft Visual Studio Solution File, Format Version 12.00
# Visual Studio Version 17
VisualStudioVersion = 17.1.32328.378
MinimumVisualStudioVersion = 10.0.40219.1
Project("{FAE04EC0-301F-11D3-BF4B-00C04F79EFBC}") = "VisualStudioSetupForNockout", "VisualStudioSetupForNockout\VisualStudioSetupForNockout.csproj", "{A8543A1B-F919-4FC8-8FE8-4638C1D8A259}"
EndProject
Global
	GlobalSection(SolutionConfigurationPlatforms) = preSolution
		Debug|Any CPU = Debug|Any CPU
		Release|Any CPU = Release|Any CPU
	EndGlobalSection
	GlobalSection(ProjectConfigurationPlatforms) = postSolution
		{A8543A1B-F919-4FC8-8FE8-4638C1D8A259}.Debug|Any CPU.ActiveCfg = Debug|Any CPU
		{A8543A1B-F919-4FC8-8FE8-4638C1D8A259}.Debug|Any CPU.Build.0 = Debug|Any CPU
		{A8543A1B-F919-4FC8-8FE8-4638C1D8A259}.Release|Any CPU.ActiveCfg = Release|Any CPU
		{A8543A1B-F919-4FC8-8FE8-4638C1D8A259}.Release|Any CPU.Build.0 = Release|Any CPU
	EndGlobalSection
	GlobalSection(SolutionProperties) = preSolution
		HideSolutionNode = FALSE
	EndGlobalSection
	GlobalSection(ExtensibilityGlobals) = postSolution
		SolutionGuid = {14E5C765-DBF0-4DCA-AF39-A4F813247327}
	EndGlobalSection
EndGlobal
